
Microsoft Visual Studio Solution File, Format Version 12.00
# Visual Studio Version 17
VisualStudioVersion = 17.3.32819.101
MinimumVisualStudioVersion = 10.0.40219.1
Project("{FAE04EC0-301F-11D3-BF4B-00C04F79EFBC}") = "R52_M2_Class_10_Work_01", "R52_M2_Class_10_Work_01\R52_M2_Class_10_Work_01.csproj", "{ED0A336C-443F-4422-B534-1282FE09E856}"
EndProject
Global
	GlobalSection(SolutionConfigurationPlatforms) = preSolution
		Debug|Any CPU = Debug|Any CPU
		Release|Any CPU = Release|Any CPU
	EndGlobalSection
	GlobalSection(ProjectConfigurationPlatforms) = postSolution
		{ED0A336C-443F-4422-B534-1282FE09E856}.Debug|Any CPU.ActiveCfg = Debug|Any CPU
		{ED0A336C-443F-4422-B534-1282FE09E856}.Debug|Any CPU.Build.0 = Debug|Any CPU
		{ED0A336C-443F-4422-B534-1282FE09E856}.Release|Any CPU.ActiveCfg = Release|Any CPU
		{ED0A336C-443F-4422-B534-1282FE09E856}.Release|Any CPU.Build.0 = Release|Any CPU
	EndGlobalSection
	GlobalSection(SolutionProperties) = preSolution
		HideSolutionNode = FALSE
	EndGlobalSection
	GlobalSection(ExtensibilityGlobals) = postSolution
		SolutionGuid = {4EFC7300-CB6D-4703-891E-54E7126C56F6}
	EndGlobalSection
EndGlobal
