
Microsoft Visual Studio Solution File, Format Version 12.00
# Visual Studio Version 17
VisualStudioVersion = 17.3.32819.101
MinimumVisualStudioVersion = 10.0.40219.1
Project("{FAE04EC0-301F-11D3-BF4B-00C04F79EFBC}") = "R52_M2_Class_08_Work_01", "R52_M2_Class_08_Work_01\R52_M2_Class_08_Work_01.csproj", "{4EBD259F-9600-411F-8BDD-50259967D4B8}"
EndProject
Global
	GlobalSection(SolutionConfigurationPlatforms) = preSolution
		Debug|Any CPU = Debug|Any CPU
		Release|Any CPU = Release|Any CPU
	EndGlobalSection
	GlobalSection(ProjectConfigurationPlatforms) = postSolution
		{4EBD259F-9600-411F-8BDD-50259967D4B8}.Debug|Any CPU.ActiveCfg = Debug|Any CPU
		{4EBD259F-9600-411F-8BDD-50259967D4B8}.Debug|Any CPU.Build.0 = Debug|Any CPU
		{4EBD259F-9600-411F-8BDD-50259967D4B8}.Release|Any CPU.ActiveCfg = Release|Any CPU
		{4EBD259F-9600-411F-8BDD-50259967D4B8}.Release|Any CPU.Build.0 = Release|Any CPU
	EndGlobalSection
	GlobalSection(SolutionProperties) = preSolution
		HideSolutionNode = FALSE
	EndGlobalSection
	GlobalSection(ExtensibilityGlobals) = postSolution
		SolutionGuid = {C471F4C4-F6DE-40F8-9480-1A9083E8DC13}
	EndGlobalSection
EndGlobal
