
Microsoft Visual Studio Solution File, Format Version 12.00
# Visual Studio Version 17
VisualStudioVersion = 17.3.32901.215
MinimumVisualStudioVersion = 10.0.40219.1
Project("{FAE04EC0-301F-11D3-BF4B-00C04F79EFBC}") = "R52_M2_Class_18_Work_01", "R52_M2_Class_18_Work_01\R52_M2_Class_18_Work_01.csproj", "{1A346E26-2D68-4333-A5B0-5854994069E7}"
EndProject
Project("{FAE04EC0-301F-11D3-BF4B-00C04F79EFBC}") = "R52_M2_Class_18_Work_02", "R52_M2_Class_18_Work_02\R52_M2_Class_18_Work_02.csproj", "{FFE3A82F-4C82-430B-B4F7-6DE6E0FB21C9}"
EndProject
Global
	GlobalSection(SolutionConfigurationPlatforms) = preSolution
		Debug|Any CPU = Debug|Any CPU
		Release|Any CPU = Release|Any CPU
	EndGlobalSection
	GlobalSection(ProjectConfigurationPlatforms) = postSolution
		{1A346E26-2D68-4333-A5B0-5854994069E7}.Debug|Any CPU.ActiveCfg = Debug|Any CPU
		{1A346E26-2D68-4333-A5B0-5854994069E7}.Debug|Any CPU.Build.0 = Debug|Any CPU
		{1A346E26-2D68-4333-A5B0-5854994069E7}.Release|Any CPU.ActiveCfg = Release|Any CPU
		{1A346E26-2D68-4333-A5B0-5854994069E7}.Release|Any CPU.Build.0 = Release|Any CPU
		{FFE3A82F-4C82-430B-B4F7-6DE6E0FB21C9}.Debug|Any CPU.ActiveCfg = Debug|Any CPU
		{FFE3A82F-4C82-430B-B4F7-6DE6E0FB21C9}.Debug|Any CPU.Build.0 = Debug|Any CPU
		{FFE3A82F-4C82-430B-B4F7-6DE6E0FB21C9}.Release|Any CPU.ActiveCfg = Release|Any CPU
		{FFE3A82F-4C82-430B-B4F7-6DE6E0FB21C9}.Release|Any CPU.Build.0 = Release|Any CPU
	EndGlobalSection
	GlobalSection(SolutionProperties) = preSolution
		HideSolutionNode = FALSE
	EndGlobalSection
	GlobalSection(ExtensibilityGlobals) = postSolution
		SolutionGuid = {F9453668-57EC-479D-A644-D301ED2A0695}
	EndGlobalSection
EndGlobal
