
Microsoft Visual Studio Solution File, Format Version 12.00
# Visual Studio Version 17
VisualStudioVersion = 17.3.32819.101
MinimumVisualStudioVersion = 10.0.40219.1
Project("{FAE04EC0-301F-11D3-BF4B-00C04F79EFBC}") = "R52_M2_Class_09_Work_01", "R52_M2_Class_09_Work_01\R52_M2_Class_09_Work_01.csproj", "{31C4821B-4521-4DAE-9527-91DA17AFA525}"
EndProject
Project("{FAE04EC0-301F-11D3-BF4B-00C04F79EFBC}") = "R52_M2_Class_09_Work_02", "R52_M2_Class_09_Work_02\R52_M2_Class_09_Work_02.csproj", "{E96B4D24-4978-4E07-B95A-A510ED11190F}"
EndProject
Global
	GlobalSection(SolutionConfigurationPlatforms) = preSolution
		Debug|Any CPU = Debug|Any CPU
		Release|Any CPU = Release|Any CPU
	EndGlobalSection
	GlobalSection(ProjectConfigurationPlatforms) = postSolution
		{31C4821B-4521-4DAE-9527-91DA17AFA525}.Debug|Any CPU.ActiveCfg = Debug|Any CPU
		{31C4821B-4521-4DAE-9527-91DA17AFA525}.Debug|Any CPU.Build.0 = Debug|Any CPU
		{31C4821B-4521-4DAE-9527-91DA17AFA525}.Release|Any CPU.ActiveCfg = Release|Any CPU
		{31C4821B-4521-4DAE-9527-91DA17AFA525}.Release|Any CPU.Build.0 = Release|Any CPU
		{E96B4D24-4978-4E07-B95A-A510ED11190F}.Debug|Any CPU.ActiveCfg = Debug|Any CPU
		{E96B4D24-4978-4E07-B95A-A510ED11190F}.Debug|Any CPU.Build.0 = Debug|Any CPU
		{E96B4D24-4978-4E07-B95A-A510ED11190F}.Release|Any CPU.ActiveCfg = Release|Any CPU
		{E96B4D24-4978-4E07-B95A-A510ED11190F}.Release|Any CPU.Build.0 = Release|Any CPU
	EndGlobalSection
	GlobalSection(SolutionProperties) = preSolution
		HideSolutionNode = FALSE
	EndGlobalSection
	GlobalSection(ExtensibilityGlobals) = postSolution
		SolutionGuid = {5A5D2EFA-C5B9-4D9B-84B4-34B833ED867E}
	EndGlobalSection
EndGlobal
